
Microsoft Visual Studio Solution File, Format Version 12.00
# Visual Studio Version 17
VisualStudioVersion = 17.0.32014.148
MinimumVisualStudioVersion = 10.0.40219.1
Project("{FAE04EC0-301F-11D3-BF4B-00C04F79EFBC}") = "Streams", "Streams\Streams.csproj", "{8DA5999D-3A38-4BCB-BF95-C53BFECF93DA}"
EndProject
Project("{FAE04EC0-301F-11D3-BF4B-00C04F79EFBC}") = "WriteToFileFromConsole", "WriteToFileFromConsole\WriteToFileFromConsole.csproj", "{FA52B62D-8844-4486-A783-F9ACC2E18F13}"
EndProject
Project("{FAE04EC0-301F-11D3-BF4B-00C04F79EFBC}") = "SearchInFile", "SearchInFile\SearchInFile.csproj", "{013E411B-2706-49E1-B375-C1ABA211B5F5}"
EndProject
Project("{FAE04EC0-301F-11D3-BF4B-00C04F79EFBC}") = "FilesWithClasses", "FilesWithClasses\FilesWithClasses.csproj", "{124AF239-AD6F-4D89-A023-C5936D817DFB}"
EndProject
Project("{FAE04EC0-301F-11D3-BF4B-00C04F79EFBC}") = "WriteOneLine", "WriteOneLine\WriteOneLine.csproj", "{0D3755D8-538A-4EA0-A4E1-F466D4D71192}"
EndProject
Project("{FAE04EC0-301F-11D3-BF4B-00C04F79EFBC}") = "AddingRecordsToFileInOneLine", "AddingRecordsToFileInOneLine\AddingRecordsToFileInOneLine.csproj", "{523E9A17-C6E5-4F4E-8606-6E59939D3EEF}"
EndProject
Global
	GlobalSection(SolutionConfigurationPlatforms) = preSolution
		Debug|Any CPU = Debug|Any CPU
		Release|Any CPU = Release|Any CPU
	EndGlobalSection
	GlobalSection(ProjectConfigurationPlatforms) = postSolution
		{8DA5999D-3A38-4BCB-BF95-C53BFECF93DA}.Debug|Any CPU.ActiveCfg = Debug|Any CPU
		{8DA5999D-3A38-4BCB-BF95-C53BFECF93DA}.Debug|Any CPU.Build.0 = Debug|Any CPU
		{8DA5999D-3A38-4BCB-BF95-C53BFECF93DA}.Release|Any CPU.ActiveCfg = Release|Any CPU
		{8DA5999D-3A38-4BCB-BF95-C53BFECF93DA}.Release|Any CPU.Build.0 = Release|Any CPU
		{FA52B62D-8844-4486-A783-F9ACC2E18F13}.Debug|Any CPU.ActiveCfg = Debug|Any CPU
		{FA52B62D-8844-4486-A783-F9ACC2E18F13}.Debug|Any CPU.Build.0 = Debug|Any CPU
		{FA52B62D-8844-4486-A783-F9ACC2E18F13}.Release|Any CPU.ActiveCfg = Release|Any CPU
		{FA52B62D-8844-4486-A783-F9ACC2E18F13}.Release|Any CPU.Build.0 = Release|Any CPU
		{013E411B-2706-49E1-B375-C1ABA211B5F5}.Debug|Any CPU.ActiveCfg = Debug|Any CPU
		{013E411B-2706-49E1-B375-C1ABA211B5F5}.Debug|Any CPU.Build.0 = Debug|Any CPU
		{013E411B-2706-49E1-B375-C1ABA211B5F5}.Release|Any CPU.ActiveCfg = Release|Any CPU
		{013E411B-2706-49E1-B375-C1ABA211B5F5}.Release|Any CPU.Build.0 = Release|Any CPU
		{124AF239-AD6F-4D89-A023-C5936D817DFB}.Debug|Any CPU.ActiveCfg = Debug|Any CPU
		{124AF239-AD6F-4D89-A023-C5936D817DFB}.Debug|Any CPU.Build.0 = Debug|Any CPU
		{124AF239-AD6F-4D89-A023-C5936D817DFB}.Release|Any CPU.ActiveCfg = Release|Any CPU
		{124AF239-AD6F-4D89-A023-C5936D817DFB}.Release|Any CPU.Build.0 = Release|Any CPU
		{0D3755D8-538A-4EA0-A4E1-F466D4D71192}.Debug|Any CPU.ActiveCfg = Debug|Any CPU
		{0D3755D8-538A-4EA0-A4E1-F466D4D71192}.Debug|Any CPU.Build.0 = Debug|Any CPU
		{0D3755D8-538A-4EA0-A4E1-F466D4D71192}.Release|Any CPU.ActiveCfg = Release|Any CPU
		{0D3755D8-538A-4EA0-A4E1-F466D4D71192}.Release|Any CPU.Build.0 = Release|Any CPU
		{523E9A17-C6E5-4F4E-8606-6E59939D3EEF}.Debug|Any CPU.ActiveCfg = Debug|Any CPU
		{523E9A17-C6E5-4F4E-8606-6E59939D3EEF}.Debug|Any CPU.Build.0 = Debug|Any CPU
		{523E9A17-C6E5-4F4E-8606-6E59939D3EEF}.Release|Any CPU.ActiveCfg = Release|Any CPU
		{523E9A17-C6E5-4F4E-8606-6E59939D3EEF}.Release|Any CPU.Build.0 = Release|Any CPU
	EndGlobalSection
	GlobalSection(SolutionProperties) = preSolution
		HideSolutionNode = FALSE
	EndGlobalSection
	GlobalSection(ExtensibilityGlobals) = postSolution
		SolutionGuid = {3E250ADA-F9FF-43EA-A2A9-4C5A7D1A3189}
	EndGlobalSection
EndGlobal
